
Microsoft Visual Studio Solution File, Format Version 12.00
# Visual Studio 2013
VisualStudioVersion = 12.0.30110.0
MinimumVisualStudioVersion = 10.0.40219.1
Project("{2150E333-8FDC-42A3-9474-1A3956D46DE8}") = ".nuget", ".nuget", "{61F816FB-E8F8-4AD4-8F16-B546369EB554}"
	ProjectSection(SolutionItems) = preProject
		.nuget\NuGet.Config = .nuget\NuGet.Config
		.nuget\NuGet.exe = .nuget\NuGet.exe
		.nuget\NuGet.targets = .nuget\NuGet.targets
	EndProjectSection
EndProject
Project("{E24C65DC-7377-472B-9ABA-BC803B73C61A}") = "publish", "http://localhost:23201", "{4056FD0A-B546-438B-B75E-40CB4223E5E2}"
	ProjectSection(WebsiteProperties) = preProject
		UseIISExpress = "true"
		TargetFrameworkMoniker = ".NETFramework,Version%3Dv4.0"
		Debug.AspNetCompiler.VirtualPath = "/localhost_23201"
		Debug.AspNetCompiler.PhysicalPath = "..\..\publish\"
		Debug.AspNetCompiler.TargetPath = "PrecompiledWeb\localhost_23201\"
		Debug.AspNetCompiler.Updateable = "true"
		Debug.AspNetCompiler.ForceOverwrite = "true"
		Debug.AspNetCompiler.FixedNames = "false"
		Debug.AspNetCompiler.Debug = "True"
		Release.AspNetCompiler.VirtualPath = "/localhost_23201"
		Release.AspNetCompiler.PhysicalPath = "..\..\publish\"
		Release.AspNetCompiler.TargetPath = "PrecompiledWeb\localhost_23201\"
		Release.AspNetCompiler.Updateable = "true"
		Release.AspNetCompiler.ForceOverwrite = "true"
		Release.AspNetCompiler.FixedNames = "false"
		Release.AspNetCompiler.Debug = "False"
		SlnRelativePath = "..\..\publish\"
	EndProjectSection
EndProject
Project("{FAE04EC0-301F-11D3-BF4B-00C04F79EFBC}") = "TFax.Web", "source\TFax.Web.csproj", "{3DF43CBA-C2F6-42E4-8EB9-16E81B8340A3}"
EndProject
Project("{2150E333-8FDC-42A3-9474-1A3956D46DE8}") = "source", "source", "{4987CF8F-D896-499A-BBF1-1F7396422CA4}"
EndProject
Project("{2150E333-8FDC-42A3-9474-1A3956D46DE8}") = "publish", "publish", "{68D8091B-5AFA-40E7-9888-6388BC6839C2}"
EndProject
Global
	GlobalSection(SolutionConfigurationPlatforms) = preSolution
		Debug|Any CPU = Debug|Any CPU
		Release|Any CPU = Release|Any CPU
	EndGlobalSection
	GlobalSection(ProjectConfigurationPlatforms) = postSolution
		{4056FD0A-B546-438B-B75E-40CB4223E5E2}.Debug|Any CPU.ActiveCfg = Debug|Any CPU
		{4056FD0A-B546-438B-B75E-40CB4223E5E2}.Debug|Any CPU.Build.0 = Debug|Any CPU
		{4056FD0A-B546-438B-B75E-40CB4223E5E2}.Release|Any CPU.ActiveCfg = Debug|Any CPU
		{4056FD0A-B546-438B-B75E-40CB4223E5E2}.Release|Any CPU.Build.0 = Debug|Any CPU
		{3DF43CBA-C2F6-42E4-8EB9-16E81B8340A3}.Debug|Any CPU.ActiveCfg = Debug|Any CPU
		{3DF43CBA-C2F6-42E4-8EB9-16E81B8340A3}.Debug|Any CPU.Build.0 = Debug|Any CPU
		{3DF43CBA-C2F6-42E4-8EB9-16E81B8340A3}.Release|Any CPU.ActiveCfg = Release|Any CPU
		{3DF43CBA-C2F6-42E4-8EB9-16E81B8340A3}.Release|Any CPU.Build.0 = Release|Any CPU
	EndGlobalSection
	GlobalSection(SolutionProperties) = preSolution
		HideSolutionNode = FALSE
	EndGlobalSection
	GlobalSection(NestedProjects) = preSolution
		{3DF43CBA-C2F6-42E4-8EB9-16E81B8340A3} = {4987CF8F-D896-499A-BBF1-1F7396422CA4}
		{4056FD0A-B546-438B-B75E-40CB4223E5E2} = {68D8091B-5AFA-40E7-9888-6388BC6839C2}
	EndGlobalSection
	GlobalSection(ExtensibilityGlobals) = postSolution
		EnterpriseLibraryConfigurationToolBinariesPath = packages\Unity.2.1.505.2\lib\NET35
	EndGlobalSection
EndGlobal
